{
  "name": "demo-kiosk-assets",
  "lockfileVersion": 3,
  "requires": true,
  "packages": {
    "": {
      "name": "demo-kiosk-assets",
      "dependencies": {
        "@patternfly/patternfly": "6.4.0",
        "asciinema-player": "3.15.1",
        "pdfjs-dist": "4.10.38"
      }
    },
    "node_modules/@babel/runtime": {
      "version": "7.29.2",
      "resolved": "https://registry.npmjs.org/@babel/runtime/-/runtime-7.29.2.tgz",
      "integrity": "sha512-JiDShH45zKHWyGe4ZNVRrCjBz8Nh9TMmZG1kh4QTK8hCBTWBi8Da+i7s1fJw7/lYpM4ccepSNfqzZ/QvABBi5g==",
      "license": "MIT",
      "engines": {
        "node": ">=6.9.0"
      }
    },
    "node_modules/@napi-rs/canvas": {
      "version": "0.1.99",
      "resolved": "https://registry.npmjs.org/@napi-rs/canvas/-/canvas-0.1.99.tgz",
      "integrity": "sha512-zN4eQlK3eBf7aJBcTHZilpBH3tDekBzPMIWC8r0s94Ecl73XfOyFi4w7yKFMRVUT0lvNQjtOL8YSrwqQj6mZFg==",
      "license": "MIT",
      "optional": true,
      "workspaces": [
        "e2e/*"
      ],
      "engines": {
        "node": ">= 10"
      },
      "funding": {
        "type": "github",
        "url": "https://github.com/sponsors/Brooooooklyn"
      },
      "optionalDependencies": {
        "@napi-rs/canvas-android-arm64": "0.1.99",
        "@napi-rs/canvas-darwin-arm64": "0.1.99",
        "@napi-rs/canvas-darwin-x64": "0.1.99",
        "@napi-rs/canvas-linux-arm-gnueabihf": "0.1.99",
        "@napi-rs/canvas-linux-arm64-gnu": "0.1.99",
        "@napi-rs/canvas-linux-arm64-musl": "0.1.99",
        "@napi-rs/canvas-linux-riscv64-gnu": "0.1.99",
        "@napi-rs/canvas-linux-x64-gnu": "0.1.99",
        "@napi-rs/canvas-linux-x64-musl": "0.1.99",
        "@napi-rs/canvas-win32-arm64-msvc": "0.1.99",
        "@napi-rs/canvas-win32-x64-msvc": "0.1.99"
      }
    },
    "node_modules/@napi-rs/canvas-android-arm64": {
      "version": "0.1.99",
      "resolved": "https://registry.npmjs.org/@napi-rs/canvas-android-arm64/-/canvas-android-arm64-0.1.99.tgz",
      "integrity": "sha512-9OCRt8VVxA17m32NWZKyNC2qamdaS/SC5CEOIQwFngRq0DIeVm4PDal+6Ljnhqm2whZiC63DNuKZ4xSp2nbj9w==",
      "cpu": [
        "arm64"
      ],
      "license": "MIT",
      "optional": true,
      "os": [
        "android"
      ],
      "engines": {
        "node": ">= 10"
      },
      "funding": {
        "type": "github",
        "url": "https://github.com/sponsors/Brooooooklyn"
      }
    },
    "node_modules/@napi-rs/canvas-darwin-arm64": {
      "version": "0.1.99",
      "resolved": "https://registry.npmjs.org/@napi-rs/canvas-darwin-arm64/-/canvas-darwin-arm64-0.1.99.tgz",
      "integrity": "sha512-lupMDMy1+H38dhyCcLirOKKVUyzzlxi7j7rGPLI3vViMHOoPjcXO1b10ivy+ad+q6MiwHfoLjKTCoLke5ySOBg==",
      "cpu": [
        "arm64"
      ],
      "license": "MIT",
      "optional": true,
      "os": [
        "darwin"
      ],
      "engines": {
        "node": ">= 10"
      },
      "funding": {
        "type": "github",
        "url": "https://github.com/sponsors/Brooooooklyn"
      }
    },
    "node_modules/@napi-rs/canvas-darwin-x64": {
      "version": "0.1.99",
      "resolved": "https://registry.npmjs.org/@napi-rs/canvas-darwin-x64/-/canvas-darwin-x64-0.1.99.tgz",
      "integrity": "sha512-fdz02t4w8n6Ii/rYhWig6STb/zcTmCC/6YZTGmjoDeidDwn9Wf0ukQVynhCPEs29vqUc66wHZKsuIgMs9tycCg==",
      "cpu": [
        "x64"
      ],
      "license": "MIT",
      "optional": true,
      "os": [
        "darwin"
      ],
      "engines": {
        "node": ">= 10"
      },
      "funding": {
        "type": "github",
        "url": "https://github.com/sponsors/Brooooooklyn"
      }
    },
    "node_modules/@napi-rs/canvas-linux-arm-gnueabihf": {
      "version": "0.1.99",
      "resolved": "https://registry.npmjs.org/@napi-rs/canvas-linux-arm-gnueabihf/-/canvas-linux-arm-gnueabihf-0.1.99.tgz",
      "integrity": "sha512-w4FwVwlNo00ezeRhfY62IVIyt6G3u8wodkPtiqWc52BUHx+VDBUM2vkS3ogfANaLI7hnf3s6WK4LyZVUjBg1lA==",
      "cpu": [
        "arm"
      ],
      "license": "MIT",
      "optional": true,
      "os": [
        "linux"
      ],
      "engines": {
        "node": ">= 10"
      },
      "funding": {
        "type": "github",
        "url": "https://github.com/sponsors/Brooooooklyn"
      }
    },
    "node_modules/@napi-rs/canvas-linux-arm64-gnu": {
      "version": "0.1.99",
      "resolved": "https://registry.npmjs.org/@napi-rs/canvas-linux-arm64-gnu/-/canvas-linux-arm64-gnu-0.1.99.tgz",
      "integrity": "sha512-8JvHeexKQ8c7g0q7YJ29NVQwnf1ePghP9ys9ZN0R0qzyqJQ9Uw6N9qnDINArlm3IYHexB7LjzArIfhQiqSDGvQ==",
      "cpu": [
        "arm64"
      ],
      "license": "MIT",
      "optional": true,
      "os": [
        "linux"
      ],
      "engines": {
        "node": ">= 10"
      },
      "funding": {
        "type": "github",
        "url": "https://github.com/sponsors/Brooooooklyn"
      }
    },
    "node_modules/@napi-rs/canvas-linux-arm64-musl": {
      "version": "0.1.99",
      "resolved": "https://registry.npmjs.org/@napi-rs/canvas-linux-arm64-musl/-/canvas-linux-arm64-musl-0.1.99.tgz",
      "integrity": "sha512-Z+6nyLdJXWzLPVxi4H6g9TJop4DwN3KSgHWto5JCbZV5/uKoVqcSynPs0tGlUHOoWI8S8tEvJspz51GQkvr07w==",
      "cpu": [
        "arm64"
      ],
      "license": "MIT",
      "optional": true,
      "os": [
        "linux"
      ],
      "engines": {
        "node": ">= 10"
      },
      "funding": {
        "type": "github",
        "url": "https://github.com/sponsors/Brooooooklyn"
      }
    },
    "node_modules/@napi-rs/canvas-linux-riscv64-gnu": {
      "version": "0.1.99",
      "resolved": "https://registry.npmjs.org/@napi-rs/canvas-linux-riscv64-gnu/-/canvas-linux-riscv64-gnu-0.1.99.tgz",
      "integrity": "sha512-jAnfOUv4IO1l8Levk5t85oVtEBOXLa07KnIUgWo1CDlPxiqpxS3uBfiE38Lvj/CQgHaNF6Nxk/SaemwLgsVJgw==",
      "cpu": [
        "riscv64"
      ],
      "license": "MIT",
      "optional": true,
      "os": [
        "linux"
      ],
      "engines": {
        "node": ">= 10"
      },
      "funding": {
        "type": "github",
        "url": "https://github.com/sponsors/Brooooooklyn"
      }
    },
    "node_modules/@napi-rs/canvas-linux-x64-gnu": {
      "version": "0.1.99",
      "resolved": "https://registry.npmjs.org/@napi-rs/canvas-linux-x64-gnu/-/canvas-linux-x64-gnu-0.1.99.tgz",
      "integrity": "sha512-mIkXw3fGmbYyFjSmfWEvty4jN+rwEOmv0+Dy9bRvvTzLYWCgm3RMgUEQVfAKFw96nIRFnyNZiK83KNQaVVFjng==",
      "cpu": [
        "x64"
      ],
      "license": "MIT",
      "optional": true,
      "os": [
        "linux"
      ],
      "engines": {
        "node": ">= 10"
      },
      "funding": {
        "type": "github",
        "url": "https://github.com/sponsors/Brooooooklyn"
      }
    },
    "node_modules/@napi-rs/canvas-linux-x64-musl": {
      "version": "0.1.99",
      "resolved": "https://registry.npmjs.org/@napi-rs/canvas-linux-x64-musl/-/canvas-linux-x64-musl-0.1.99.tgz",
      "integrity": "sha512-f3Uz2P0RgrtBHISxZqr6yiYXJlTDyCVBumDacxo+4AmSg7z0HiqYZKGWC/gszq3fbPhyQUya1W2AEteKxT9Y6A==",
      "cpu": [
        "x64"
      ],
      "license": "MIT",
      "optional": true,
      "os": [
        "linux"
      ],
      "engines": {
        "node": ">= 10"
      },
      "funding": {
        "type": "github",
        "url": "https://github.com/sponsors/Brooooooklyn"
      }
    },
    "node_modules/@napi-rs/canvas-win32-arm64-msvc": {
      "version": "0.1.99",
      "resolved": "https://registry.npmjs.org/@napi-rs/canvas-win32-arm64-msvc/-/canvas-win32-arm64-msvc-0.1.99.tgz",
      "integrity": "sha512-XE6KUkfqRsCNejcoRMiMr3RaUeObxNf6y7dut3hrq2rn7PzfRTZgrjF1F/B2C7FcdgqY/vSHWpQeMuNz1vTNHg==",
      "cpu": [
        "arm64"
      ],
      "license": "MIT",
      "optional": true,
      "os": [
        "win32"
      ],
      "engines": {
        "node": ">= 10"
      },
      "funding": {
        "type": "github",
        "url": "https://github.com/sponsors/Brooooooklyn"
      }
    },
    "node_modules/@napi-rs/canvas-win32-x64-msvc": {
      "version": "0.1.99",
      "resolved": "https://registry.npmjs.org/@napi-rs/canvas-win32-x64-msvc/-/canvas-win32-x64-msvc-0.1.99.tgz",
      "integrity": "sha512-plMYGVbc/vmmPF9MtmHbwNk1rL1Aj53vQZt+Gnv1oZn6gmd9jEHHJ0n9Nd2nxa5sKH7TS5IjkCDM6289O0d6PQ==",
      "cpu": [
        "x64"
      ],
      "license": "MIT",
      "optional": true,
      "os": [
        "win32"
      ],
      "engines": {
        "node": ">= 10"
      },
      "funding": {
        "type": "github",
        "url": "https://github.com/sponsors/Brooooooklyn"
      }
    },
    "node_modules/@patternfly/patternfly": {
      "version": "6.4.0",
      "resolved": "https://registry.npmjs.org/@patternfly/patternfly/-/patternfly-6.4.0.tgz",
      "integrity": "sha512-4drFhg74sEc/fftark5wZevODIog17qR4pwLCdB3j5iK3Uu5oMA2SdLhsEeEQggalfnFzve/Km87MdVR0ghhvQ==",
      "license": "MIT"
    },
    "node_modules/@solid-primitives/refs": {
      "version": "1.1.3",
      "resolved": "https://registry.npmjs.org/@solid-primitives/refs/-/refs-1.1.3.tgz",
      "integrity": "sha512-aam02fjNKpBteewF/UliPSQCVJsIIGOLEWQOh+ll6R/QePzBOOBMcC4G+5jTaO75JuUS1d/14Q1YXT3X0Ow6iA==",
      "license": "MIT",
      "dependencies": {
        "@solid-primitives/utils": "^6.4.0"
      },
      "peerDependencies": {
        "solid-js": "^1.6.12"
      }
    },
    "node_modules/@solid-primitives/transition-group": {
      "version": "1.1.2",
      "resolved": "https://registry.npmjs.org/@solid-primitives/transition-group/-/transition-group-1.1.2.tgz",
      "integrity": "sha512-gnHS0OmcdjeoHN9n7Khu8KNrOlRc8a2weETDt2YT6o1zeW/XtUC6Db3Q9pkMU/9cCKdEmN4b0a/41MKAHRhzWA==",
      "license": "MIT",
      "peerDependencies": {
        "solid-js": "^1.6.12"
      }
    },
    "node_modules/@solid-primitives/utils": {
      "version": "6.4.0",
      "resolved": "https://registry.npmjs.org/@solid-primitives/utils/-/utils-6.4.0.tgz",
      "integrity": "sha512-AeGTBg8Wtkh/0s+evyLtP8piQoS4wyqqQaAFs2HJcFMMjYAtUgo+ZPduRXLjPlqKVc2ejeR544oeqpbn8Egn8A==",
      "license": "MIT",
      "peerDependencies": {
        "solid-js": "^1.6.12"
      }
    },
    "node_modules/asciinema-player": {
      "version": "3.15.1",
      "resolved": "https://registry.npmjs.org/asciinema-player/-/asciinema-player-3.15.1.tgz",
      "integrity": "sha512-agVYeNlPxthLyAb92l9AS7ypW0uhesqOuQzyR58Q4Sj+MvesQztZBgx86lHqNJkB8rQ6EP0LeA9czGytQUBpYw==",
      "license": "Apache-2.0",
      "dependencies": {
        "@babel/runtime": "^7.21.0",
        "solid-js": "^1.3.0",
        "solid-transition-group": "^0.2.3"
      }
    },
    "node_modules/csstype": {
      "version": "3.2.3",
      "resolved": "https://registry.npmjs.org/csstype/-/csstype-3.2.3.tgz",
      "integrity": "sha512-z1HGKcYy2xA8AGQfwrn0PAy+PB7X/GSj3UVJW9qKyn43xWa+gl5nXmU4qqLMRzWVLFC8KusUX8T/0kCiOYpAIQ==",
      "license": "MIT"
    },
    "node_modules/pdfjs-dist": {
      "version": "4.10.38",
      "resolved": "https://registry.npmjs.org/pdfjs-dist/-/pdfjs-dist-4.10.38.tgz",
      "integrity": "sha512-/Y3fcFrXEAsMjJXeL9J8+ZG9U01LbuWaYypvDW2ycW1jL269L3js3DVBjDJ0Up9Np1uqDXsDrRihHANhZOlwdQ==",
      "license": "Apache-2.0",
      "engines": {
        "node": ">=20"
      },
      "optionalDependencies": {
        "@napi-rs/canvas": "^0.1.65"
      }
    },
    "node_modules/seroval": {
      "version": "1.5.2",
      "resolved": "https://registry.npmjs.org/seroval/-/seroval-1.5.2.tgz",
      "integrity": "sha512-xcRN39BdsnO9Tf+VzsE7b3JyTJASItIV1FVFewJKCFcW4s4haIKS3e6vj8PGB9qBwC7tnuOywQMdv5N4qkzi7Q==",
      "license": "MIT",
      "engines": {
        "node": ">=10"
      }
    },
    "node_modules/seroval-plugins": {
      "version": "1.5.2",
      "resolved": "https://registry.npmjs.org/seroval-plugins/-/seroval-plugins-1.5.2.tgz",
      "integrity": "sha512-qpY0Cl+fKYFn4GOf3cMiq6l72CpuVaawb6ILjubOQ+diJ54LfOWaSSPsaswN8DRPIPW4Yq+tE1k5aKd7ILyaFg==",
      "license": "MIT",
      "engines": {
        "node": ">=10"
      },
      "peerDependencies": {
        "seroval": "^1.0"
      }
    },
    "node_modules/solid-js": {
      "version": "1.9.12",
      "resolved": "https://registry.npmjs.org/solid-js/-/solid-js-1.9.12.tgz",
      "integrity": "sha512-QzKaSJq2/iDrWR1As6MHZQ8fQkdOBf8GReYb7L5iKwMGceg7HxDcaOHk0at66tNgn9U2U7dXo8ZZpLIAmGMzgw==",
      "license": "MIT",
      "dependencies": {
        "csstype": "^3.1.0",
        "seroval": "~1.5.0",
        "seroval-plugins": "~1.5.0"
      }
    },
    "node_modules/solid-transition-group": {
      "version": "0.2.3",
      "resolved": "https://registry.npmjs.org/solid-transition-group/-/solid-transition-group-0.2.3.tgz",
      "integrity": "sha512-iB72c9N5Kz9ykRqIXl0lQohOau4t0dhel9kjwFvx81UZJbVwaChMuBuyhiZmK24b8aKEK0w3uFM96ZxzcyZGdg==",
      "license": "MIT",
      "dependencies": {
        "@solid-primitives/refs": "^1.0.5",
        "@solid-primitives/transition-group": "^1.0.2"
      },
      "engines": {
        "node": ">=18.0.0",
        "pnpm": ">=8.6.0"
      },
      "peerDependencies": {
        "solid-js": "^1.6.12"
      }
    }
  }
}
